# This file is automatically @generated by Poetry 1.5.1 and should not be changed by hand.

[[package]]
name = "certifi"
version = "2021.10.8"
description = "Python package for providing Mozilla's CA Bundle."
optional = false
python-versions = "*"
files = [
    {file = "certifi-2021.10.8-py2.py3-none-any.whl", hash = "sha256:d62a0163eb4c2344ac042ab2bdf75399a71a2d8c7d47eac2e2ee91b9d6339569"},
    {file = "certifi-2021.10.8.tar.gz", hash = "sha256:78884e7c1d4b00ce3cea67b44566851c4343c120abd683433ce934a68ea58872"},
]

[[package]]
name = "chardet"
version = "4.0.0"
description = "Universal encoding detector for Python 2 and 3"
optional = false
python-versions = ">=2.7, !=3.0.*, !=3.1.*, !=3.2.*, !=3.3.*, !=3.4.*"
files = [
    {file = "chardet-4.0.0-py2.py3-none-any.whl", hash = "sha256:f864054d66fd9118f2e67044ac8981a54775ec5b67aed0441892edb553d21da5"},
    {file = "chardet-4.0.0.tar.gz", hash = "sha256:0d6f53a15db4120f2b08c94f11e7d93d2c911ee118b6b30a04ec3ee8310179fa"},
]

[[package]]
name = "dj-static"
version = "0.0.6"
description = "Serve production static files with Django."
optional = false
python-versions = "*"
files = [
    {file = "dj-static-0.0.6.tar.gz", hash = "sha256:032ec1c532617922e6e3e956d504a6fb1acce4fc1c7c94612d0fda21828ce8ef"},
]

[package.dependencies]
static3 = "*"

[[package]]
name = "django"
version = "2.1.15"
description = "A high-level Python Web framework that encourages rapid development and clean, pragmatic design."
optional = false
python-versions = ">=3.5"
files = [
    {file = "Django-2.1.15-py3-none-any.whl", hash = "sha256:48522428f4a285cf265af969f4744c5ebb027c7f41958ba48b639ace2068ffe7"},
    {file = "Django-2.1.15.tar.gz", hash = "sha256:a794f7a2f4b7c928eecfbc4ebad03712ff27fb545abe269bf01aa8500781eb1c"},
]

[package.dependencies]
pytz = "*"

[package.extras]
argon2 = ["argon2-cffi (>=16.1.0)"]
bcrypt = ["bcrypt"]

[[package]]
name = "django-environ"
version = "0.11.2"
description = "A package that allows you to utilize 12factor inspired environment variables to configure your Django application."
optional = false
python-versions = ">=3.6,<4"
files = [
    {file = "django-environ-0.11.2.tar.gz", hash = "sha256:f32a87aa0899894c27d4e1776fa6b477e8164ed7f6b3e410a62a6d72caaf64be"},
    {file = "django_environ-0.11.2-py2.py3-none-any.whl", hash = "sha256:0ff95ab4344bfeff693836aa978e6840abef2e2f1145adff7735892711590c05"},
]

[package.extras]
develop = ["coverage[toml] (>=5.0a4)", "furo (>=2021.8.17b43,<2021.9.dev0)", "pytest (>=4.6.11)", "sphinx (>=3.5.0)", "sphinx-notfound-page"]
docs = ["furo (>=2021.8.17b43,<2021.9.dev0)", "sphinx (>=3.5.0)", "sphinx-notfound-page"]
testing = ["coverage[toml] (>=5.0a4)", "pytest (>=4.6.11)"]

[[package]]
name = "django-extensions"
version = "1.7.9"
description = "Extensions for Django"
optional = false
python-versions = "*"
files = [
    {file = "django-extensions-1.7.9.tar.gz", hash = "sha256:3d028994db76b78bbc5adef7e48102d44fb70a33b34adaddcf8d4f85620453c1"},
    {file = "django_extensions-1.7.9-py2.py3-none-any.whl", hash = "sha256:a6b97ec77657e4fd43d508d6a134c799f188e868717f7499d05213b4669b44b6"},
]

[package.dependencies]
six = ">=1.2"

[[package]]
name = "django-registration-redux"
version = "2.9"
description = "An extensible user-registration application for Django"
optional = false
python-versions = "*"
files = [
    {file = "django-registration-redux-2.9.tar.gz", hash = "sha256:e3d123354a1b8cbfa005d60f1ebb89ae8541f3eaffd6174d9f2aff529b57e430"},
    {file = "django_registration_redux-2.9-py2.py3-none-any.whl", hash = "sha256:e94b8a945e1cbfa9ec6c32b549597270405328d4e26651985d287d0211120691"},
]

[[package]]
name = "django-sendgrid-v5"
version = "1.2.3"
description = "An implementation of Django's EmailBackend compatible with sendgrid-python v5+"
optional = false
python-versions = "*"
files = [
    {file = "django-sendgrid-v5-1.2.3.tar.gz", hash = "sha256:3887aafbb10d5b808efc2c1031dcd96fd357d542eb5affe38fef07cc0f3cfae9"},
    {file = "django_sendgrid_v5-1.2.3-py2.py3-none-any.whl", hash = "sha256:2d2fa8a085d21c95e5f97fc60b61f199ccc57a27df8da90cd3f29a5702346dc6"},
]

[package.dependencies]
django = ">=1.8"
python-http-client = ">=3.0.0"
sendgrid = ">=5.0.0"

[[package]]
name = "djangoajax"
version = "2.3.7"
description = "Powerful and easy AJAX framework for django applications."
optional = false
python-versions = "*"
files = [
    {file = "djangoajax-2.3.7.tar.gz", hash = "sha256:35b5ab882b2ecde84b127db3089e317f31c05f441adf3abd7ce33c5068365cba"},
]

[package.dependencies]
django = ">=1.3"
setuptools = "*"

[[package]]
name = "docopt"
version = "0.4.0"
description = "Pythonic argument parser, that will make you smile"
optional = false
python-versions = "*"
files = [
    {file = "docopt-0.4.0.tar.gz", hash = "sha256:b752582228e280b7be3677c5a758a352e352ad0bde3a849fd51f79239e88e475"},
]

[[package]]
name = "gunicorn"
version = "21.2.0"
description = "WSGI HTTP Server for UNIX"
optional = false
python-versions = ">=3.5"
files = [
    {file = "gunicorn-21.2.0-py3-none-any.whl", hash = "sha256:3213aa5e8c24949e792bcacfc176fef362e7aac80b76c56f6b5122bf350722f0"},
    {file = "gunicorn-21.2.0.tar.gz", hash = "sha256:88ec8bff1d634f98e61b9f65bc4bf3cd918a90806c6f5c48bc5603849ec81033"},
]

[package.dependencies]
packaging = "*"

[package.extras]
eventlet = ["eventlet (>=0.24.1)"]
gevent = ["gevent (>=1.4.0)"]
setproctitle = ["setproctitle"]
tornado = ["tornado (>=0.2)"]

[[package]]
name = "idna"
version = "2.10"
description = "Internationalized Domain Names in Applications (IDNA)"
optional = false
python-versions = ">=2.7, !=3.0.*, !=3.1.*, !=3.2.*, !=3.3.*"
files = [
    {file = "idna-2.10-py2.py3-none-any.whl", hash = "sha256:b97d804b1e9b523befed77c48dacec60e6dcb0b5391d57af6a65a312a90648c0"},
    {file = "idna-2.10.tar.gz", hash = "sha256:b307872f855b18632ce0c21c5e45be78c0ea7ae4c15c828c20788b26921eb3f6"},
]

[[package]]
name = "mailchimp"
version = "2.0.9"
description = "A CLI client and Python API library for the MailChimp email platform."
optional = false
python-versions = "*"
files = [
    {file = "mailchimp-2.0.9.tar.gz", hash = "sha256:e01ce74a62ce723455a1cfbb6ea21664d5a3341a21d4de41ff6d6c2c4154a10c"},
]

[package.dependencies]
docopt = "0.4.0"
requests = ">=0.13.2"

[[package]]
name = "oauthlib"
version = "3.1.0"
description = "A generic, spec-compliant, thorough implementation of the OAuth request-signing logic"
optional = false
python-versions = ">=2.7, !=3.0.*, !=3.1.*, !=3.2.*, !=3.3.*"
files = [
    {file = "oauthlib-3.1.0-py2.py3-none-any.whl", hash = "sha256:df884cd6cbe20e32633f1db1072e9356f53638e4361bef4e8b03c9127c9328ea"},
    {file = "oauthlib-3.1.0.tar.gz", hash = "sha256:bee41cc35fcca6e988463cacc3bcb8a96224f470ca547e697b604cc697b2f889"},
]

[package.extras]
rsa = ["cryptography"]
signals = ["blinker"]
signedtoken = ["cryptography", "pyjwt (>=1.0.0)"]

[[package]]
name = "packaging"
version = "23.2"
description = "Core utilities for Python packages"
optional = false
python-versions = ">=3.7"
files = [
    {file = "packaging-23.2-py3-none-any.whl", hash = "sha256:8c491190033a9af7e1d931d0b5dacc2ef47509b34dd0de67ed209b5203fc88c7"},
    {file = "packaging-23.2.tar.gz", hash = "sha256:048fb0e9405036518eaaf48a55953c750c11e1a1b68e0dd1a9d62ed0c092cfc5"},
]

[[package]]
name = "python-http-client"
version = "3.3.7"
description = "HTTP REST client, simplified for Python"
optional = false
python-versions = ">=2.7, !=3.0.*, !=3.1.*, !=3.2.*, !=3.3.*"
files = [
    {file = "python_http_client-3.3.7-py3-none-any.whl", hash = "sha256:ad371d2bbedc6ea15c26179c6222a78bc9308d272435ddf1d5c84f068f249a36"},
    {file = "python_http_client-3.3.7.tar.gz", hash = "sha256:bf841ee45262747e00dec7ee9971dfb8c7d83083f5713596488d67739170cea0"},
]

[[package]]
name = "python-openid"
version = "2.2.5"
description = "OpenID support for servers and consumers."
optional = false
python-versions = "*"
files = [
    {file = "python-openid-2.2.5.tar.gz", hash = "sha256:92c51c3ecec846cbec4aeff11f9ff47303d4a63f93b0e6ac0ec02a091fed70ef"},
    {file = "python-openid-2.2.5.zip", hash = "sha256:c2d133e47e0a7705c9272eef00d7a09c174f5bf17a127fed8e2c6499556cc782"},
]

[[package]]
name = "pytz"
version = "2015.7"
description = "World timezone definitions, modern and historical"
optional = false
python-versions = "*"
files = [
    {file = "pytz-2015.7-py2.py3-none-any.whl", hash = "sha256:3ede470d3d17ba3c07638dfa0d10452bc1b6e5ad326127a65ba77e6aaeb11bec"},
    {file = "pytz-2015.7.tar.bz2", hash = "sha256:fbd26746772c24cb93c8b97cbdad5cb9e46c86bbdb1b9d8a743ee00e2fb1fc5d"},
    {file = "pytz-2015.7.tar.gz", hash = "sha256:99266ef30a37e43932deec2b7ca73e83c8dbc3b9ff703ec73eca6b1dae6befea"},
    {file = "pytz-2015.7.zip", hash = "sha256:8b6ce1c993909783bc96e0b4f34ea223bff7a4df2c90bdb9c4e0f1ac928689e3"},
]

[[package]]
name = "requests"
version = "2.25.1"
description = "Python HTTP for Humans."
optional = false
python-versions = ">=2.7, !=3.0.*, !=3.1.*, !=3.2.*, !=3.3.*, !=3.4.*"
files = [
    {file = "requests-2.25.1-py2.py3-none-any.whl", hash = "sha256:c210084e36a42ae6b9219e00e48287def368a26d03a048ddad7bfee44f75871e"},
    {file = "requests-2.25.1.tar.gz", hash = "sha256:27973dd4a904a4f13b263a19c866c13b92a39ed1c964655f025f3f8d3d75b804"},
]

[package.dependencies]
certifi = ">=2017.4.17"
chardet = ">=3.0.2,<5"
idna = ">=2.5,<3"
urllib3 = ">=1.21.1,<1.27"

[package.extras]
security = ["cryptography (>=1.3.4)", "pyOpenSSL (>=0.14)"]
socks = ["PySocks (>=1.5.6,!=1.5.7)", "win-inet-pton"]

[[package]]
name = "requests-oauthlib"
version = "0.6.0"
description = "OAuthlib authentication support for Requests."
optional = false
python-versions = "*"
files = [
    {file = "requests-oauthlib-0.6.0.tar.gz", hash = "sha256:2a0ca56031940e917983aa1584b9d1311769ff9fc9bbf01e06c7f75ade7c7724"},
    {file = "requests_oauthlib-0.6.0-py2.py3-none-any.whl", hash = "sha256:69e947c3cb6d426a7dcafd8d9854d3deb56b0165017bfceef5a17e37aa44f813"},
]

[package.dependencies]
oauthlib = ">=0.6.2"
requests = ">=2.0.0"

[package.extras]
rsa = ["oauthlib[rsa] (>=0.6.2)", "requests (>=2.0.0)"]

[[package]]
name = "sendgrid"
version = "6.11.0"
description = "Twilio SendGrid library for Python"
optional = false
python-versions = ">=2.7, !=3.0.*, !=3.1.*, !=3.2.*, !=3.3.*, !=3.4.*"
files = [
    {file = "sendgrid-6.11.0-py3-none-any.whl", hash = "sha256:43ecf5bb742ea5850c7cfe68f5e7d9948772352306d4e83e119899959538b884"},
    {file = "sendgrid-6.11.0.tar.gz", hash = "sha256:71424b2a97f5a034121ea3b2666c653ba0ed315982f0d57b7851c0c9503dc5ab"},
]

[package.dependencies]
python-http-client = ">=3.2.1"
starkbank-ecdsa = ">=2.0.1"

[[package]]
name = "setuptools"
version = "50.3.2"
description = "Easily download, build, install, upgrade, and uninstall Python packages"
optional = false
python-versions = ">=3.5"
files = [
    {file = "setuptools-50.3.2-py3-none-any.whl", hash = "sha256:2c242a0856fbad7efbe560df4a7add9324f340cf48df43651e9604924466794a"},
    {file = "setuptools-50.3.2.zip", hash = "sha256:ed0519d27a243843b05d82a5e9d01b0b083d9934eaa3d02779a23da18077bd3c"},
]

[package.extras]
certs = ["certifi (==2016.9.26)"]
docs = ["jaraco.packaging (>=6.1)", "pygments-github-lexers (==0.0.5)", "rst.linker (>=1.9)", "sphinx"]
ssl = ["wincertstore (==0.2)"]
tests = ["coverage (>=4.5.1)", "flake8-2020", "jaraco.envs", "jaraco.test (>=3.1.1)", "mock", "paver", "pip (>=19.1)", "pytest (>=3.7)", "pytest-cov (>=2.5.1)", "pytest-flake8", "pytest-virtualenv (>=1.2.7)", "virtualenv (>=13.0.0)", "wheel"]

[[package]]
name = "six"
version = "1.16.0"
description = "Python 2 and 3 compatibility utilities"
optional = false
python-versions = ">=2.7, !=3.0.*, !=3.1.*, !=3.2.*"
files = [
    {file = "six-1.16.0-py2.py3-none-any.whl", hash = "sha256:8abb2f1d86890a2dfb989f9a77cfcfd3e47c2a354b01111771326f8aa26e0254"},
    {file = "six-1.16.0.tar.gz", hash = "sha256:1e61c37477a1626458e36f7b1d82aa5c9b094fa4802892072e49de9c60c4c926"},
]

[[package]]
name = "starkbank-ecdsa"
version = "2.2.0"
description = "A lightweight and fast pure python ECDSA library"
optional = false
python-versions = "*"
files = [
    {file = "starkbank-ecdsa-2.2.0.tar.gz", hash = "sha256:9399c3371b899d4a235b68a1ed7919d202fbf024bd2c863ae8ebdad343c2a63a"},
]

[[package]]
name = "static3"
version = "0.7.0"
description = "A really simple WSGI way to serve static (or mixed) content."
optional = false
python-versions = "*"
files = [
    {file = "static3-0.7.0.tar.gz", hash = "sha256:674641c64bc75507af2eb20bef7e7e3593dca993dec6674be108fa15b42f47c8"},
]

[package.extras]
genshimagic = ["Genshi"]
kidmagic = ["kid"]

[[package]]
name = "urllib3"
version = "1.26.9"
description = "HTTP library with thread-safe connection pooling, file post, and more."
optional = false
python-versions = ">=2.7, !=3.0.*, !=3.1.*, !=3.2.*, !=3.3.*, !=3.4.*, <4"
files = [
    {file = "urllib3-1.26.9-py2.py3-none-any.whl", hash = "sha256:44ece4d53fb1706f667c9bd1c648f5469a2ec925fcf3a776667042d645472c14"},
    {file = "urllib3-1.26.9.tar.gz", hash = "sha256:aabaf16477806a5e1dd19aa41f8c2b7950dd3c746362d7e3223dbe6de6ac448e"},
]

[package.extras]
brotli = ["brotli (>=1.0.9)", "brotlicffi (>=0.8.0)", "brotlipy (>=0.6.0)"]
secure = ["certifi", "cryptography (>=1.3.4)", "idna (>=2.0.0)", "ipaddress", "pyOpenSSL (>=0.14)"]
socks = ["PySocks (>=1.5.6,!=1.5.7,<2.0)"]

[metadata]
lock-version = "2.0"
python-versions = "3.8.16"
content-hash = "b716103fb02d497523db26bad68fed211f816c3b34ee7a71987b61e0202b1782"
