# This file was autogenerated by uv via the following command:
#    uv pip compile pyproject.toml -o requirements.lock
asgiref==3.8.1
    # via
    #   django
    #   django-allauth
    #   django-structlog
certifi==2025.4.26
    # via
    #   requests
    #   sentry-sdk
cffi==1.17.1
    # via cryptography
charset-normalizer==3.4.2
    # via requests
click==8.2.1
    # via djlint
colorama==0.4.6
    # via djlint
cryptography==45.0.3
    # via pyjwt
cssbeautifier==1.15.4
    # via djlint
defusedxml==0.7.1
    # via odfpy
diff-match-patch==20241021
    # via django-import-export
django==5.2.8
    # via
    #   approval-frame (pyproject.toml)
    #   django-allauth
    #   django-appconf
    #   django-compressor
    #   django-extensions
    #   django-import-export
    #   django-sendgrid-v5
    #   django-structlog
    #   djangoajax
    #   sentry-sdk
django-allauth==65.9.0
    # via approval-frame (pyproject.toml)
django-appconf==1.1.0
    # via django-compressor
django-compressor==4.5.1
    # via
    #   approval-frame (pyproject.toml)
    #   django-libsass
django-environ==0.12.0
    # via approval-frame (pyproject.toml)
django-extensions==4.1
    # via approval-frame (pyproject.toml)
django-import-export==4.3.7
    # via approval-frame (pyproject.toml)
django-ipware==7.0.1
    # via django-structlog
django-libsass==0.9
    # via approval-frame (pyproject.toml)
django-sendgrid-v5==1.3.0
    # via approval-frame (pyproject.toml)
django-structlog==9.1.1
    # via approval-frame (pyproject.toml)
django-upgrade==1.25.0
    # via approval-frame (pyproject.toml)
django-widget-tweaks==1.5.0
    # via approval-frame (pyproject.toml)
djangoajax==3.3
    # via approval-frame (pyproject.toml)
djlint==1.36.4
    # via approval-frame (pyproject.toml)
ecdsa==0.19.1
    # via sendgrid
editorconfig==0.17.0
    # via
    #   cssbeautifier
    #   jsbeautifier
et-xmlfile==2.0.0
    # via openpyxl
gunicorn==23.0.0
    # via approval-frame (pyproject.toml)
idna==3.10
    # via requests
iniconfig==2.1.0
    # via pytest
jsbeautifier==1.15.4
    # via
    #   cssbeautifier
    #   djlint
json5==0.12.0
    # via djlint
libsass==0.23.0
    # via django-libsass
markupsafe==3.0.2
    # via werkzeug
numpy==2.2.6
    # via pandas
oauthlib==3.2.2
    # via requests-oauthlib
odfpy==1.4.1
    # via tablib
openpyxl==3.1.5
    # via tablib
packaging==25.0
    # via
    #   gunicorn
    #   pytest
pandas==2.2.3
    # via tablib
pathspec==0.12.1
    # via djlint
pluggy==1.6.0
    # via pytest
pycparser==2.22
    # via cffi
pygments==2.19.1
    # via pytest
pyjwt==2.10.1
    # via django-allauth
pytest==8.4.0
    # via
    #   approval-frame (pyproject.toml)
    #   pytest-django
pytest-django==4.11.1
    # via approval-frame (pyproject.toml)
python-dateutil==2.9.0.post0
    # via pandas
python-http-client==3.3.7
    # via
    #   django-sendgrid-v5
    #   sendgrid
python-ipware==3.0.0
    # via django-ipware
pytz==2025.2
    # via
    #   approval-frame (pyproject.toml)
    #   pandas
pyyaml==6.0.2
    # via
    #   djlint
    #   tablib
rcssmin==1.1.2
    # via django-compressor
regex==2024.11.6
    # via djlint
requests==2.32.3
    # via
    #   django-allauth
    #   requests-oauthlib
requests-oauthlib==2.0.0
    # via django-allauth
rjsmin==1.2.2
    # via django-compressor
sendgrid==6.12.3
    # via django-sendgrid-v5
sentry-sdk==2.29.1
    # via approval-frame (pyproject.toml)
six==1.17.0
    # via
    #   cssbeautifier
    #   ecdsa
    #   jsbeautifier
    #   python-dateutil
sqlparse==0.5.3
    # via django
structlog==25.4.0
    # via django-structlog
tablib==3.8.0
    # via django-import-export
tabulate==0.9.0
    # via tablib
tokenize-rt==6.2.0
    # via django-upgrade
tqdm==4.67.1
    # via djlint
tzdata==2025.2
    # via pandas
urllib3==2.4.0
    # via
    #   requests
    #   sentry-sdk
werkzeug==3.1.3
    # via sendgrid
whitenoise==6.9.0
    # via approval-frame (pyproject.toml)
xlrd==2.0.1
    # via tablib
xlwt==1.3.0
    # via tablib
